Microsoft Visual Studio Solution File, Format Version 11.00
# Visual Studio 2008

Project("{95AA99A5-810A-35A3-659D-5322FE4BAD00}") = "Pirate", "Assembly-CSharp-firstpass.csproj", "{036EB707-B3F9-C439-BCE8-A302AF72542B}"
EndProject
Project("{95AA99A5-810A-35A3-659D-5322FE4BAD00}") = "Pirate", "Assembly-CSharp.csproj", "{3C5835B7-E5B2-25E2-26A6-2148DC67E302}"
EndProject
Project("{95AA99A5-810A-35A3-659D-5322FE4BAD00}") = "Pirate", "Assembly-CSharp-Editor.csproj", "{F30A5F8D-EBDB-2F28-3E8F-E743EDD78544}"
EndProject
Project("{95AA99A5-810A-35A3-659D-5322FE4BAD00}") = "Pirate", "Assembly-UnityScript.unityproj", "{8911E9A8-6D85-82CF-9E1C-4E108FEAFF55}"
EndProject
Global
	GlobalSection(SolutionConfigurationPlatforms) = preSolution
		Debug|Any CPU = Debug|Any CPU
		Release|Any CPU = Release|Any CPU
	EndGlobalSection
	GlobalSection(ProjectConfigurationPlatforms) = postSolution
		{036EB707-B3F9-C439-BCE8-A302AF72542B}.Debug|Any CPU.ActiveCfg = Debug|Any CPU
		{036EB707-B3F9-C439-BCE8-A302AF72542B}.Debug|Any CPU.Build.0 = Debug|Any CPU
		{036EB707-B3F9-C439-BCE8-A302AF72542B}.Release|Any CPU.ActiveCfg = Release|Any CPU
		{036EB707-B3F9-C439-BCE8-A302AF72542B}.Release|Any CPU.Build.0 = Release|Any CPU
		{3C5835B7-E5B2-25E2-26A6-2148DC67E302}.Debug|Any CPU.ActiveCfg = Debug|Any CPU
		{3C5835B7-E5B2-25E2-26A6-2148DC67E302}.Debug|Any CPU.Build.0 = Debug|Any CPU
		{3C5835B7-E5B2-25E2-26A6-2148DC67E302}.Release|Any CPU.ActiveCfg = Release|Any CPU
		{3C5835B7-E5B2-25E2-26A6-2148DC67E302}.Release|Any CPU.Build.0 = Release|Any CPU
		{F30A5F8D-EBDB-2F28-3E8F-E743EDD78544}.Debug|Any CPU.ActiveCfg = Debug|Any CPU
		{F30A5F8D-EBDB-2F28-3E8F-E743EDD78544}.Debug|Any CPU.Build.0 = Debug|Any CPU
		{F30A5F8D-EBDB-2F28-3E8F-E743EDD78544}.Release|Any CPU.ActiveCfg = Release|Any CPU
		{F30A5F8D-EBDB-2F28-3E8F-E743EDD78544}.Release|Any CPU.Build.0 = Release|Any CPU
		{8911E9A8-6D85-82CF-9E1C-4E108FEAFF55}.Debug|Any CPU.ActiveCfg = Debug|Any CPU
		{8911E9A8-6D85-82CF-9E1C-4E108FEAFF55}.Debug|Any CPU.Build.0 = Debug|Any CPU
		{8911E9A8-6D85-82CF-9E1C-4E108FEAFF55}.Release|Any CPU.ActiveCfg = Release|Any CPU
		{8911E9A8-6D85-82CF-9E1C-4E108FEAFF55}.Release|Any CPU.Build.0 = Release|Any CPU
	EndGlobalSection
	GlobalSection(SolutionProperties) = preSolution
		HideSolutionNode = FALSE
	EndGlobalSection
																							GlobalSection(MonoDevelopProperties) = preSolution
		StartupItem = Assembly-CSharp.csproj
		Policies = $0
		$0.TextStylePolicy = $1
		$1.inheritsSet = null
		$1.scope = text/x-csharp
		$0.CSharpFormattingPolicy = $2
		$2.inheritsSet = Mono
		$2.inheritsScope = text/x-csharp
		$2.scope = text/x-csharp
		$0.TextStylePolicy = $3
		$3.FileWidth = 120
		$3.TabWidth = 4
		$3.IndentWidth = 4
		$3.EolMarker = Unix
		$3.inheritsSet = Mono
		$3.inheritsScope = text/plain
		$3.scope = text/plain
	EndGlobalSection

EndGlobal
